{
  "version": 4,
  "terraform_version": "1.1.2",
  "serial": 402,
  "lineage": "45a8ffed-2703-741f-44cf-ef19a6963a5c",
  "outputs": {
    "elb": {
      "value": "myapp-elb-1162268891.us-west-2.elb.amazonaws.com",
      "type": "string"
    }
  },
  "resources": [
    {
      "mode": "data",
      "type": "template_file",
      "name": "myapp-task-definition-template",
      "provider": "provider[\"registry.terraform.io/hashicorp/template\"]",
      "instances": [
        {
          "schema_version": 0,
          "attributes": {
            "filename": null,
            "id": "94111e3ede20500b355abfc08d35acaf6d0d9c8d5b11a2286bc9324c0ccd4dfa",
            "rendered": "[\r\n  {\r\n    \"essential\": true,\r\n    \"memory\": 256,\r\n    \"name\": \"myapp\",\r\n    \"cpu\": 256,\r\n    \"image\": \"nginx\", \r\n    \"portMappings\": [\r\n        {\r\n            \"containerPort\": 80,\r\n            \"hostPort\": 80\r\n        }\r\n    ]\r\n  }\r\n]\r\n\r\n",
            "template": "[\r\n  {\r\n    \"essential\": true,\r\n    \"memory\": 256,\r\n    \"name\": \"myapp\",\r\n    \"cpu\": 256,\r\n    \"image\": \"nginx\", \r\n    \"portMappings\": [\r\n        {\r\n            \"containerPort\": 80,\r\n            \"hostPort\": 80\r\n        }\r\n    ]\r\n  }\r\n]\r\n\r\n",
            "vars": {
              "REPOSITORY_URL": "538812572065.dkr.ecr.us-west-2.amazonaws.com/myapp"
            }
          },
          "sensitive_attributes": []
        }
      ]
    },
    {
      "mode": "managed",
      "type": "aws_autoscaling_group",
      "name": "ecs-example-autoscaling",
      "provider": "provider[\"registry.terraform.io/hashicorp/aws\"]",
      "instances": [
        {
          "schema_version": 0,
          "attributes": {
            "arn": "arn:aws:autoscaling:us-west-2:538812572065:autoScalingGroup:b700939e-6629-4474-accc-515ae19281ee:autoScalingGroupName/ecs-example-autoscaling",
            "availability_zones": [
              "us-west-2a",
              "us-west-2b"
            ],
            "capacity_rebalance": false,
            "default_cooldown": 300,
            "desired_capacity": 1,
            "enabled_metrics": null,
            "force_delete": false,
            "force_delete_warm_pool": false,
            "health_check_grace_period": 300,
            "health_check_type": "EC2",
            "id": "ecs-example-autoscaling",
            "initial_lifecycle_hook": [],
            "instance_refresh": [],
            "launch_configuration": "ecs-launchconfig20220112124852988300000002",
            "launch_template": [],
            "load_balancers": null,
            "max_instance_lifetime": 0,
            "max_size": 1,
            "metrics_granularity": "1Minute",
            "min_elb_capacity": null,
            "min_size": 1,
            "mixed_instances_policy": [],
            "name": "ecs-example-autoscaling",
            "name_prefix": "",
            "placement_group": "",
            "protect_from_scale_in": false,
            "service_linked_role_arn": "arn:aws:iam::538812572065:role/aws-service-role/autoscaling.amazonaws.com/AWSServiceRoleForAutoScaling",
            "suspended_processes": null,
            "tag": [
              {
                "key": "Name",
                "propagate_at_launch": true,
                "value": "ecs-ec2-container"
              }
            ],
            "tags": null,
            "target_group_arns": null,
            "termination_policies": null,
            "timeouts": null,
            "vpc_zone_identifier": [
              "subnet-02af43ecb38bcb1b1",
              "subnet-03759aa6582ea629f"
            ],
            "wait_for_capacity_timeout": "10m",
            "wait_for_elb_capacity": null,
            "warm_pool": []
          },
          "sensitive_attributes": [],
          "private": "eyJlMmJmYjczMC1lY2FhLTExZTYtOGY4OC0zNDM2M2JjN2M0YzAiOnsiZGVsZXRlIjo2MDAwMDAwMDAwMDB9fQ==",
          "dependencies": [
            "aws_iam_instance_profile.ecs-ec2-role",
            "aws_iam_role.ecs-ec2-role",
            "aws_key_pair.mykeypair",
            "aws_launch_configuration.ecs-example-launchconfig",
            "aws_security_group.ecs-securitygroup",
            "aws_security_group.myapp-elb-securitygroup",
            "aws_subnet.main-public-1",
            "aws_subnet.main-public-2",
            "aws_vpc.main"
          ]
        }
      ]
    },
    {
      "mode": "managed",
      "type": "aws_ecr_repository",
      "name": "myapp",
      "provider": "provider[\"registry.terraform.io/hashicorp/aws\"]",
      "instances": [
        {
          "schema_version": 0,
          "attributes": {
            "arn": "arn:aws:ecr:us-west-2:538812572065:repository/myapp",
            "encryption_configuration": [
              {
                "encryption_type": "AES256",
                "kms_key": ""
              }
            ],
            "id": "myapp",
            "image_scanning_configuration": [
              {
                "scan_on_push": false
              }
            ],
            "image_tag_mutability": "MUTABLE",
            "name": "myapp",
            "registry_id": "538812572065",
            "repository_url": "538812572065.dkr.ecr.us-west-2.amazonaws.com/myapp",
            "tags": null,
            "tags_all": {},
            "timeouts": null
          },
          "sensitive_attributes": [],
          "private": "eyJlMmJmYjczMC1lY2FhLTExZTYtOGY4OC0zNDM2M2JjN2M0YzAiOnsiZGVsZXRlIjoxMjAwMDAwMDAwMDAwfX0="
        }
      ]
    },
    {
      "mode": "managed",
      "type": "aws_ecs_cluster",
      "name": "example-cluster",
      "provider": "provider[\"registry.terraform.io/hashicorp/aws\"]",
      "instances": [
        {
          "schema_version": 0,
          "attributes": {
            "arn": "arn:aws:ecs:us-west-2:538812572065:cluster/example-cluster",
            "capacity_providers": null,
            "configuration": [],
            "default_capacity_provider_strategy": [],
            "id": "arn:aws:ecs:us-west-2:538812572065:cluster/example-cluster",
            "name": "example-cluster",
            "setting": [
              {
                "name": "containerInsights",
                "value": "disabled"
              }
            ],
            "tags": null,
            "tags_all": {}
          },
          "sensitive_attributes": [],
          "private": "bnVsbA=="
        }
      ]
    },
    {
      "mode": "managed",
      "type": "aws_ecs_service",
      "name": "myapp-service",
      "provider": "provider[\"registry.terraform.io/hashicorp/aws\"]",
      "instances": [
        {
          "schema_version": 0,
          "attributes": {
            "capacity_provider_strategy": [],
            "cluster": "arn:aws:ecs:us-west-2:538812572065:cluster/example-cluster",
            "deployment_circuit_breaker": [
              {
                "enable": false,
                "rollback": false
              }
            ],
            "deployment_controller": [
              {
                "type": "ECS"
              }
            ],
            "deployment_maximum_percent": 200,
            "deployment_minimum_healthy_percent": 100,
            "desired_count": 1,
            "enable_ecs_managed_tags": false,
            "enable_execute_command": false,
            "force_new_deployment": null,
            "health_check_grace_period_seconds": 0,
            "iam_role": "aws-service-role",
            "id": "arn:aws:ecs:us-west-2:538812572065:service/example-cluster/myapp",
            "launch_type": "FARGATE",
            "load_balancer": [],
            "name": "myapp",
            "network_configuration": [
              {
                "assign_public_ip": true,
                "security_groups": [
                  "sg-066829149e2c80171"
                ],
                "subnets": [
                  "subnet-02af43ecb38bcb1b1",
                  "subnet-03759aa6582ea629f"
                ]
              }
            ],
            "ordered_placement_strategy": [],
            "placement_constraints": [],
            "platform_version": "LATEST",
            "propagate_tags": "NONE",
            "scheduling_strategy": "REPLICA",
            "service_registries": [],
            "tags": null,
            "tags_all": {},
            "task_definition": "arn:aws:ecs:us-west-2:538812572065:task-definition/myapp:13",
            "timeouts": null,
            "wait_for_steady_state": false
          },
          "sensitive_attributes": [],
          "private": "eyJlMmJmYjczMC1lY2FhLTExZTYtOGY4OC0zNDM2M2JjN2M0YzAiOnsiZGVsZXRlIjoxMjAwMDAwMDAwMDAwfX0=",
          "dependencies": [
            "aws_ecr_repository.myapp",
            "aws_ecs_cluster.example-cluster",
            "aws_ecs_task_definition.myapp-task-definition",
            "aws_security_group.myapp-elb-securitygroup",
            "aws_subnet.main-public-1",
            "aws_subnet.main-public-2",
            "aws_vpc.main",
            "data.template_file.myapp-task-definition-template"
          ]
        }
      ]
    },
    {
      "mode": "managed",
      "type": "aws_ecs_task_definition",
      "name": "myapp-task-definition",
      "provider": "provider[\"registry.terraform.io/hashicorp/aws\"]",
      "instances": [
        {
          "schema_version": 1,
          "attributes": {
            "arn": "arn:aws:ecs:us-west-2:538812572065:task-definition/myapp:13",
            "container_definitions": "[{\"cpu\":256,\"environment\":[],\"essential\":true,\"image\":\"nginx\",\"memory\":256,\"mountPoints\":[],\"name\":\"myapp\",\"portMappings\":[{\"containerPort\":80,\"hostPort\":80,\"protocol\":\"tcp\"}],\"volumesFrom\":[]}]",
            "cpu": "1024",
            "ephemeral_storage": [],
            "execution_role_arn": "",
            "family": "myapp",
            "id": "myapp",
            "inference_accelerator": [],
            "ipc_mode": "",
            "memory": "2048",
            "network_mode": "awsvpc",
            "pid_mode": "",
            "placement_constraints": [],
            "proxy_configuration": [],
            "requires_compatibilities": [
              "FARGATE"
            ],
            "revision": 13,
            "runtime_platform": [],
            "tags": null,
            "tags_all": {},
            "task_role_arn": "",
            "volume": []
          },
          "sensitive_attributes": [],
          "private": "eyJzY2hlbWFfdmVyc2lvbiI6IjEifQ==",
          "dependencies": [
            "aws_ecr_repository.myapp",
            "data.template_file.myapp-task-definition-template"
          ]
        }
      ]
    },
    {
      "mode": "managed",
      "type": "aws_elb",
      "name": "myapp-elb",
      "provider": "provider[\"registry.terraform.io/hashicorp/aws\"]",
      "instances": [
        {
          "schema_version": 0,
          "attributes": {
            "access_logs": [],
            "arn": "arn:aws:elasticloadbalancing:us-west-2:538812572065:loadbalancer/myapp-elb",
            "availability_zones": [
              "us-west-2a",
              "us-west-2b"
            ],
            "connection_draining": true,
            "connection_draining_timeout": 400,
            "cross_zone_load_balancing": true,
            "desync_mitigation_mode": "defensive",
            "dns_name": "myapp-elb-1162268891.us-west-2.elb.amazonaws.com",
            "health_check": [
              {
                "healthy_threshold": 3,
                "interval": 60,
                "target": "HTTP:80/",
                "timeout": 30,
                "unhealthy_threshold": 3
              }
            ],
            "id": "myapp-elb",
            "idle_timeout": 400,
            "instances": [],
            "internal": false,
            "listener": [
              {
                "instance_port": 80,
                "instance_protocol": "http",
                "lb_port": 80,
                "lb_protocol": "http",
                "ssl_certificate_id": ""
              }
            ],
            "name": "myapp-elb",
            "name_prefix": null,
            "security_groups": [
              "sg-066829149e2c80171"
            ],
            "source_security_group": "538812572065/myapp-elb",
            "source_security_group_id": "sg-066829149e2c80171",
            "subnets": [
              "subnet-02af43ecb38bcb1b1",
              "subnet-03759aa6582ea629f"
            ],
            "tags": {
              "Name": "myapp-elb"
            },
            "tags_all": {
              "Name": "myapp-elb"
            },
            "zone_id": "Z1H1FL5HABSF5"
          },
          "sensitive_attributes": [],
          "private": "bnVsbA==",
          "dependencies": [
            "aws_security_group.myapp-elb-securitygroup",
            "aws_subnet.main-public-1",
            "aws_subnet.main-public-2",
            "aws_vpc.main"
          ]
        }
      ]
    },
    {
      "mode": "managed",
      "type": "aws_iam_instance_profile",
      "name": "ecs-ec2-role",
      "provider": "provider[\"registry.terraform.io/hashicorp/aws\"]",
      "instances": [
        {
          "schema_version": 0,
          "attributes": {
            "arn": "arn:aws:iam::538812572065:instance-profile/ecs-ec2-role",
            "create_date": "2022-01-12T12:48:09Z",
            "id": "ecs-ec2-role",
            "name": "ecs-ec2-role",
            "name_prefix": null,
            "path": "/",
            "role": "ecs-ec2-role",
            "tags": null,
            "tags_all": {},
            "unique_id": "AIPAX2453MGQYEZ6FMP6W"
          },
          "sensitive_attributes": [],
          "private": "bnVsbA==",
          "dependencies": [
            "aws_iam_role.ecs-ec2-role"
          ],
          "create_before_destroy": true
        }
      ]
    },
    {
      "mode": "managed",
      "type": "aws_iam_policy_attachment",
      "name": "ecs-service-attach1",
      "provider": "provider[\"registry.terraform.io/hashicorp/aws\"]",
      "instances": [
        {
          "schema_version": 0,
          "attributes": {
            "groups": null,
            "id": "ecs-service-attach1",
            "name": "ecs-service-attach1",
            "policy_arn": "arn:aws:iam::aws:policy/service-role/AmazonEC2ContainerServiceRole",
            "roles": [
              "ecs-service-role"
            ],
            "users": null
          },
          "sensitive_attributes": [],
          "private": "bnVsbA==",
          "dependencies": [
            "aws_iam_role.ecs-service-role"
          ]
        }
      ]
    },
    {
      "mode": "managed",
      "type": "aws_iam_role",
      "name": "ecs-consul-server-role",
      "provider": "provider[\"registry.terraform.io/hashicorp/aws\"]",
      "instances": [
        {
          "schema_version": 0,
          "attributes": {
            "arn": "arn:aws:iam::538812572065:role/ecs-consul-server-role",
            "assume_role_policy": "{\"Version\":\"2012-10-17\",\"Statement\":[{\"Sid\":\"\",\"Effect\":\"Allow\",\"Principal\":{\"Service\":\"ec2.amazonaws.com\"},\"Action\":\"sts:AssumeRole\"}]}",
            "create_date": "2022-01-12T12:48:05Z",
            "description": "",
            "force_detach_policies": false,
            "id": "ecs-consul-server-role",
            "inline_policy": [
              {
                "name": "",
                "policy": ""
              }
            ],
            "managed_policy_arns": [],
            "max_session_duration": 3600,
            "name": "ecs-consul-server-role",
            "name_prefix": "",
            "path": "/",
            "permissions_boundary": null,
            "tags": null,
            "tags_all": {},
            "unique_id": "AROAX2453MGQZRVE2XZ4P"
          },
          "sensitive_attributes": [],
          "private": "bnVsbA=="
        }
      ]
    },
    {
      "mode": "managed",
      "type": "aws_iam_role",
      "name": "ecs-ec2-role",
      "provider": "provider[\"registry.terraform.io/hashicorp/aws\"]",
      "instances": [
        {
          "schema_version": 0,
          "attributes": {
            "arn": "arn:aws:iam::538812572065:role/ecs-ec2-role",
            "assume_role_policy": "{\"Version\":\"2012-10-17\",\"Statement\":[{\"Sid\":\"\",\"Effect\":\"Allow\",\"Principal\":{\"Service\":\"ec2.amazonaws.com\"},\"Action\":\"sts:AssumeRole\"}]}",
            "create_date": "2022-01-12T12:48:05Z",
            "description": "",
            "force_detach_policies": false,
            "id": "ecs-ec2-role",
            "inline_policy": [
              {
                "name": "",
                "policy": ""
              }
            ],
            "managed_policy_arns": [],
            "max_session_duration": 3600,
            "name": "ecs-ec2-role",
            "name_prefix": "",
            "path": "/",
            "permissions_boundary": null,
            "tags": null,
            "tags_all": {},
            "unique_id": "AROAX2453MGQ5ZBDCXPPG"
          },
          "sensitive_attributes": [],
          "private": "bnVsbA==",
          "create_before_destroy": true
        }
      ]
    },
    {
      "mode": "managed",
      "type": "aws_iam_role",
      "name": "ecs-service-role",
      "provider": "provider[\"registry.terraform.io/hashicorp/aws\"]",
      "instances": [
        {
          "schema_version": 0,
          "attributes": {
            "arn": "arn:aws:iam::538812572065:role/ecs-service-role",
            "assume_role_policy": "{\"Version\":\"2012-10-17\",\"Statement\":[{\"Sid\":\"\",\"Effect\":\"Allow\",\"Principal\":{\"Service\":\"ecs.amazonaws.com\"},\"Action\":\"sts:AssumeRole\"}]}",
            "create_date": "2022-01-12T12:48:05Z",
            "description": "",
            "force_detach_policies": false,
            "id": "ecs-service-role",
            "inline_policy": [
              {
                "name": "",
                "policy": ""
              }
            ],
            "managed_policy_arns": [],
            "max_session_duration": 3600,
            "name": "ecs-service-role",
            "name_prefix": "",
            "path": "/",
            "permissions_boundary": null,
            "tags": null,
            "tags_all": {},
            "unique_id": "AROAX2453MGQXI3EASDRW"
          },
          "sensitive_attributes": [],
          "private": "bnVsbA=="
        }
      ]
    },
    {
      "mode": "managed",
      "type": "aws_iam_role_policy",
      "name": "ecs-ec2-role-policy",
      "provider": "provider[\"registry.terraform.io/hashicorp/aws\"]",
      "instances": [
        {
          "schema_version": 0,
          "attributes": {
            "id": "ecs-ec2-role:ecs-ec2-role-policy",
            "name": "ecs-ec2-role-policy",
            "name_prefix": null,
            "policy": "{\r\n    \"Version\": \"2012-10-17\",\r\n    \"Statement\": [\r\n        {\r\n            \"Effect\": \"Allow\",\r\n            \"Action\": [\r\n              \"ecs:CreateCluster\",\r\n              \"ecs:DeregisterContainerInstance\",\r\n              \"ecs:DiscoverPollEndpoint\",\r\n              \"ecs:Poll\",\r\n              \"ecs:RegisterContainerInstance\",\r\n              \"ecs:StartTelemetrySession\",\r\n              \"ecs:Submit*\",\r\n              \"ecs:StartTask\",\r\n              \"ecr:GetAuthorizationToken\",\r\n              \"ecr:BatchCheckLayerAvailability\",\r\n              \"ecr:GetDownloadUrlForLayer\",\r\n              \"ecr:BatchGetImage\",\r\n              \"logs:CreateLogStream\",\r\n              \"logs:PutLogEvents\"\r\n            ],\r\n            \"Resource\": \"*\"\r\n        },\r\n        {\r\n            \"Effect\": \"Allow\",\r\n            \"Action\": [\r\n                \"logs:CreateLogGroup\",\r\n                \"logs:CreateLogStream\",\r\n                \"logs:PutLogEvents\",\r\n                \"logs:DescribeLogStreams\"\r\n            ],\r\n            \"Resource\": [\r\n                \"arn:aws:logs:*:*:*\"\r\n            ]\r\n        }\r\n    ]\r\n}\r\n",
            "role": "ecs-ec2-role"
          },
          "sensitive_attributes": [],
          "private": "bnVsbA==",
          "dependencies": [
            "aws_iam_role.ecs-ec2-role"
          ]
        }
      ]
    },
    {
      "mode": "managed",
      "type": "aws_internet_gateway",
      "name": "main-gw",
      "provider": "provider[\"registry.terraform.io/hashicorp/aws\"]",
      "instances": [
        {
          "schema_version": 0,
          "attributes": {
            "arn": "arn:aws:ec2:us-west-2:538812572065:internet-gateway/igw-0e264741eab05167a",
            "id": "igw-0e264741eab05167a",
            "owner_id": "538812572065",
            "tags": {
              "Name": "main"
            },
            "tags_all": {
              "Name": "main"
            },
            "vpc_id": "vpc-03f7d963f3b681713"
          },
          "sensitive_attributes": [],
          "private": "bnVsbA==",
          "dependencies": [
            "aws_vpc.main"
          ]
        }
      ]
    },
    {
      "mode": "managed",
      "type": "aws_key_pair",
      "name": "mykeypair",
      "provider": "provider[\"registry.terraform.io/hashicorp/aws\"]",
      "instances": [
        {
          "schema_version": 1,
          "attributes": {
            "arn": "arn:aws:ec2:us-west-2:538812572065:key-pair/mykeypair",
            "fingerprint": "7f:1f:ff:52:69:a2:fc:1b:ca:8d:7c:bb:bf:76:3f:31",
            "id": "mykeypair",
            "key_name": "mykeypair",
            "key_name_prefix": "",
            "key_pair_id": "key-01f71b2d29ffaa4b4",
            "public_key": "ssh-rsa AAAAB3NzaC1yc2EAAAADAQABAAABgQDDz84X12njVEBUlEUzP4FFY4Z+3lIfnK1sdxEmn62/CdHg2L8VxybrFDwSJYeJrRHrG3atAh/ejIbpXiMvvAzrqHN+sJrZ+j4N21zCbGRE222Sxuqmn5bapmpJggwPghAkdrGK+2CT2D4W057td6dmMBoge/mwOHglQ9S++zg3CS7tMlcqxXxw0gKBekwzvWsVZ5DzalfNaEIag1oNGOinLvv97RGbrZPFMcolYmo9ayTsSJJzF1zHjxYNPeHnm6mdW2IlErtJ+SYBN/PkMBFZcsZQ/+Ct/FP59HG7wTCEcllc8om7cv6ZFSTRDDXZN5QJRuvT4a68mfSv1wGSHubbE87zTkrdy1o6OULpcKQKR5XHfFAH0yXBt2RNebcA+l/t/UCKNODcNzcMkd0qmfEN9PxUMjChHK1FStjTlV/eyKd2aNMSabULhUpZWhjD/jJow8dQD07/jFEGpZT96LYmtQ45MjFY8RWJJ+sEi2iZd0OurZrVZT0HXyIIZ1GAg60= Enkirus@cs",
            "tags": null,
            "tags_all": {}
          },
          "sensitive_attributes": [],
          "private": "eyJzY2hlbWFfdmVyc2lvbiI6IjEifQ==",
          "create_before_destroy": true
        }
      ]
    },
    {
      "mode": "managed",
      "type": "aws_launch_configuration",
      "name": "ecs-example-launchconfig",
      "provider": "provider[\"registry.terraform.io/hashicorp/aws\"]",
      "instances": [
        {
          "schema_version": 0,
          "attributes": {
            "arn": "arn:aws:autoscaling:us-west-2:538812572065:launchConfiguration:d981641c-52f0-4c84-a54b-2685991609cc:launchConfigurationName/ecs-launchconfig20220112124852988300000002",
            "associate_public_ip_address": false,
            "ebs_block_device": [],
            "ebs_optimized": false,
            "enable_monitoring": true,
            "ephemeral_block_device": [],
            "iam_instance_profile": "ecs-ec2-role",
            "id": "ecs-launchconfig20220112124852988300000002",
            "image_id": "ami-00f7e5c52c0f43726",
            "instance_type": "t2.micro",
            "key_name": "mykeypair",
            "metadata_options": [],
            "name": "ecs-launchconfig20220112124852988300000002",
            "name_prefix": "ecs-launchconfig",
            "placement_tenancy": null,
            "root_block_device": [],
            "security_groups": [
              "sg-03d6faa5bd950699b"
            ],
            "spot_price": "",
            "user_data": "2283a54db9f636900b49c3e2a6cd048bca08dd5b",
            "user_data_base64": null,
            "vpc_classic_link_id": "",
            "vpc_classic_link_security_groups": null
          },
          "sensitive_attributes": [],
          "private": "bnVsbA==",
          "dependencies": [
            "aws_iam_instance_profile.ecs-ec2-role",
            "aws_iam_role.ecs-ec2-role",
            "aws_key_pair.mykeypair",
            "aws_security_group.ecs-securitygroup",
            "aws_security_group.myapp-elb-securitygroup",
            "aws_vpc.main"
          ],
          "create_before_destroy": true
        }
      ]
    },
    {
      "mode": "managed",
      "type": "aws_route_table",
      "name": "main-public",
      "provider": "provider[\"registry.terraform.io/hashicorp/aws\"]",
      "instances": [
        {
          "schema_version": 0,
          "attributes": {
            "arn": "arn:aws:ec2:us-west-2:538812572065:route-table/rtb-0739b69a4826b6aa2",
            "id": "rtb-0739b69a4826b6aa2",
            "owner_id": "538812572065",
            "propagating_vgws": [],
            "route": [
              {
                "carrier_gateway_id": "",
                "cidr_block": "0.0.0.0/0",
                "destination_prefix_list_id": "",
                "egress_only_gateway_id": "",
                "gateway_id": "igw-0e264741eab05167a",
                "instance_id": "",
                "ipv6_cidr_block": "",
                "local_gateway_id": "",
                "nat_gateway_id": "",
                "network_interface_id": "",
                "transit_gateway_id": "",
                "vpc_endpoint_id": "",
                "vpc_peering_connection_id": ""
              }
            ],
            "tags": {
              "Name": "main-public-1"
            },
            "tags_all": {
              "Name": "main-public-1"
            },
            "timeouts": null,
            "vpc_id": "vpc-03f7d963f3b681713"
          },
          "sensitive_attributes": [],
          "private": "eyJlMmJmYjczMC1lY2FhLTExZTYtOGY4OC0zNDM2M2JjN2M0YzAiOnsiY3JlYXRlIjozMDAwMDAwMDAwMDAsImRlbGV0ZSI6MzAwMDAwMDAwMDAwLCJ1cGRhdGUiOjEyMDAwMDAwMDAwMH19",
          "dependencies": [
            "aws_internet_gateway.main-gw",
            "aws_vpc.main"
          ]
        }
      ]
    },
    {
      "mode": "managed",
      "type": "aws_route_table_association",
      "name": "main-public-1-a",
      "provider": "provider[\"registry.terraform.io/hashicorp/aws\"]",
      "instances": [
        {
          "schema_version": 0,
          "attributes": {
            "gateway_id": "",
            "id": "rtbassoc-0cf4482f7c9b24c1c",
            "route_table_id": "rtb-0739b69a4826b6aa2",
            "subnet_id": "subnet-03759aa6582ea629f"
          },
          "sensitive_attributes": [],
          "private": "bnVsbA==",
          "dependencies": [
            "aws_internet_gateway.main-gw",
            "aws_route_table.main-public",
            "aws_subnet.main-public-1",
            "aws_vpc.main"
          ]
        }
      ]
    },
    {
      "mode": "managed",
      "type": "aws_route_table_association",
      "name": "main-public-2-a",
      "provider": "provider[\"registry.terraform.io/hashicorp/aws\"]",
      "instances": [
        {
          "schema_version": 0,
          "attributes": {
            "gateway_id": "",
            "id": "rtbassoc-097c877634292da8f",
            "route_table_id": "rtb-0739b69a4826b6aa2",
            "subnet_id": "subnet-02af43ecb38bcb1b1"
          },
          "sensitive_attributes": [],
          "private": "bnVsbA==",
          "dependencies": [
            "aws_internet_gateway.main-gw",
            "aws_route_table.main-public",
            "aws_subnet.main-public-2",
            "aws_vpc.main"
          ]
        }
      ]
    },
    {
      "mode": "managed",
      "type": "aws_route_table_association",
      "name": "main-public-3-a",
      "provider": "provider[\"registry.terraform.io/hashicorp/aws\"]",
      "instances": [
        {
          "schema_version": 0,
          "attributes": {
            "gateway_id": "",
            "id": "rtbassoc-0241c7186692c274b",
            "route_table_id": "rtb-0739b69a4826b6aa2",
            "subnet_id": "subnet-00260fb1dd221ae65"
          },
          "sensitive_attributes": [],
          "private": "bnVsbA==",
          "dependencies": [
            "aws_internet_gateway.main-gw",
            "aws_route_table.main-public",
            "aws_subnet.main-public-3",
            "aws_vpc.main"
          ]
        }
      ]
    },
    {
      "mode": "managed",
      "type": "aws_security_group",
      "name": "ecs-securitygroup",
      "provider": "provider[\"registry.terraform.io/hashicorp/aws\"]",
      "instances": [
        {
          "schema_version": 1,
          "attributes": {
            "arn": "arn:aws:ec2:us-west-2:538812572065:security-group/sg-03d6faa5bd950699b",
            "description": "security group for ecs",
            "egress": [
              {
                "cidr_blocks": [
                  "0.0.0.0/0"
                ],
                "description": "",
                "from_port": 0,
                "ipv6_cidr_blocks": [],
                "prefix_list_ids": [],
                "protocol": "-1",
                "security_groups": [],
                "self": false,
                "to_port": 0
              }
            ],
            "id": "sg-03d6faa5bd950699b",
            "ingress": [
              {
                "cidr_blocks": [
                  "0.0.0.0/0"
                ],
                "description": "",
                "from_port": 22,
                "ipv6_cidr_blocks": [],
                "prefix_list_ids": [],
                "protocol": "tcp",
                "security_groups": [],
                "self": false,
                "to_port": 22
              },
              {
                "cidr_blocks": [
                  "0.0.0.0/0"
                ],
                "description": "",
                "from_port": 443,
                "ipv6_cidr_blocks": [],
                "prefix_list_ids": [],
                "protocol": "tcp",
                "security_groups": [],
                "self": false,
                "to_port": 443
              },
              {
                "cidr_blocks": [],
                "description": "",
                "from_port": 3000,
                "ipv6_cidr_blocks": [],
                "prefix_list_ids": [],
                "protocol": "tcp",
                "security_groups": [
                  "sg-066829149e2c80171"
                ],
                "self": false,
                "to_port": 3000
              }
            ],
            "name": "ecs",
            "name_prefix": "",
            "owner_id": "538812572065",
            "revoke_rules_on_delete": false,
            "tags": {
              "Name": "ecs"
            },
            "tags_all": {
              "Name": "ecs"
            },
            "timeouts": null,
            "vpc_id": "vpc-03f7d963f3b681713"
          },
          "sensitive_attributes": [],
          "private": "eyJlMmJmYjczMC1lY2FhLTExZTYtOGY4OC0zNDM2M2JjN2M0YzAiOnsiY3JlYXRlIjo2MDAwMDAwMDAwMDAsImRlbGV0ZSI6OTAwMDAwMDAwMDAwfSwic2NoZW1hX3ZlcnNpb24iOiIxIn0=",
          "dependencies": [
            "aws_security_group.myapp-elb-securitygroup",
            "aws_vpc.main"
          ],
          "create_before_destroy": true
        }
      ]
    },
    {
      "mode": "managed",
      "type": "aws_security_group",
      "name": "myapp-elb-securitygroup",
      "provider": "provider[\"registry.terraform.io/hashicorp/aws\"]",
      "instances": [
        {
          "schema_version": 1,
          "attributes": {
            "arn": "arn:aws:ec2:us-west-2:538812572065:security-group/sg-066829149e2c80171",
            "description": "security group for ecs",
            "egress": [
              {
                "cidr_blocks": [
                  "0.0.0.0/0"
                ],
                "description": "",
                "from_port": 0,
                "ipv6_cidr_blocks": [],
                "prefix_list_ids": [],
                "protocol": "-1",
                "security_groups": [],
                "self": false,
                "to_port": 0
              }
            ],
            "id": "sg-066829149e2c80171",
            "ingress": [
              {
                "cidr_blocks": [
                  "0.0.0.0/0"
                ],
                "description": "",
                "from_port": 443,
                "ipv6_cidr_blocks": [],
                "prefix_list_ids": [],
                "protocol": "tcp",
                "security_groups": [],
                "self": false,
                "to_port": 443
              },
              {
                "cidr_blocks": [
                  "0.0.0.0/0"
                ],
                "description": "",
                "from_port": 80,
                "ipv6_cidr_blocks": [],
                "prefix_list_ids": [],
                "protocol": "tcp",
                "security_groups": [],
                "self": false,
                "to_port": 80
              }
            ],
            "name": "myapp-elb",
            "name_prefix": "",
            "owner_id": "538812572065",
            "revoke_rules_on_delete": false,
            "tags": {
              "Name": "myapp-elb"
            },
            "tags_all": {
              "Name": "myapp-elb"
            },
            "timeouts": null,
            "vpc_id": "vpc-03f7d963f3b681713"
          },
          "sensitive_attributes": [],
          "private": "eyJlMmJmYjczMC1lY2FhLTExZTYtOGY4OC0zNDM2M2JjN2M0YzAiOnsiY3JlYXRlIjo2MDAwMDAwMDAwMDAsImRlbGV0ZSI6OTAwMDAwMDAwMDAwfSwic2NoZW1hX3ZlcnNpb24iOiIxIn0=",
          "dependencies": [
            "aws_vpc.main"
          ],
          "create_before_destroy": true
        }
      ]
    },
    {
      "mode": "managed",
      "type": "aws_subnet",
      "name": "main-private-1",
      "provider": "provider[\"registry.terraform.io/hashicorp/aws\"]",
      "instances": [
        {
          "schema_version": 1,
          "attributes": {
            "arn": "arn:aws:ec2:us-west-2:538812572065:subnet/subnet-097765cda04684ce7",
            "assign_ipv6_address_on_creation": false,
            "availability_zone": "us-west-2a",
            "availability_zone_id": "usw2-az1",
            "cidr_block": "10.0.4.0/24",
            "customer_owned_ipv4_pool": "",
            "enable_dns64": false,
            "enable_resource_name_dns_a_record_on_launch": false,
            "enable_resource_name_dns_aaaa_record_on_launch": false,
            "id": "subnet-097765cda04684ce7",
            "ipv6_cidr_block": "",
            "ipv6_cidr_block_association_id": "",
            "ipv6_native": false,
            "map_customer_owned_ip_on_launch": false,
            "map_public_ip_on_launch": false,
            "outpost_arn": "",
            "owner_id": "538812572065",
            "private_dns_hostname_type_on_launch": "ip-name",
            "tags": {
              "Name": "main-private-1"
            },
            "tags_all": {
              "Name": "main-private-1"
            },
            "timeouts": null,
            "vpc_id": "vpc-03f7d963f3b681713"
          },
          "sensitive_attributes": [],
          "private": "eyJlMmJmYjczMC1lY2FhLTExZTYtOGY4OC0zNDM2M2JjN2M0YzAiOnsiY3JlYXRlIjo2MDAwMDAwMDAwMDAsImRlbGV0ZSI6MTIwMDAwMDAwMDAwMH0sInNjaGVtYV92ZXJzaW9uIjoiMSJ9",
          "dependencies": [
            "aws_vpc.main"
          ]
        }
      ]
    },
    {
      "mode": "managed",
      "type": "aws_subnet",
      "name": "main-private-2",
      "provider": "provider[\"registry.terraform.io/hashicorp/aws\"]",
      "instances": [
        {
          "schema_version": 1,
          "attributes": {
            "arn": "arn:aws:ec2:us-west-2:538812572065:subnet/subnet-0c6b4b605f45f4bc9",
            "assign_ipv6_address_on_creation": false,
            "availability_zone": "us-west-2b",
            "availability_zone_id": "usw2-az2",
            "cidr_block": "10.0.5.0/24",
            "customer_owned_ipv4_pool": "",
            "enable_dns64": false,
            "enable_resource_name_dns_a_record_on_launch": false,
            "enable_resource_name_dns_aaaa_record_on_launch": false,
            "id": "subnet-0c6b4b605f45f4bc9",
            "ipv6_cidr_block": "",
            "ipv6_cidr_block_association_id": "",
            "ipv6_native": false,
            "map_customer_owned_ip_on_launch": false,
            "map_public_ip_on_launch": false,
            "outpost_arn": "",
            "owner_id": "538812572065",
            "private_dns_hostname_type_on_launch": "ip-name",
            "tags": {
              "Name": "main-private-2"
            },
            "tags_all": {
              "Name": "main-private-2"
            },
            "timeouts": null,
            "vpc_id": "vpc-03f7d963f3b681713"
          },
          "sensitive_attributes": [],
          "private": "eyJlMmJmYjczMC1lY2FhLTExZTYtOGY4OC0zNDM2M2JjN2M0YzAiOnsiY3JlYXRlIjo2MDAwMDAwMDAwMDAsImRlbGV0ZSI6MTIwMDAwMDAwMDAwMH0sInNjaGVtYV92ZXJzaW9uIjoiMSJ9",
          "dependencies": [
            "aws_vpc.main"
          ]
        }
      ]
    },
    {
      "mode": "managed",
      "type": "aws_subnet",
      "name": "main-private-3",
      "provider": "provider[\"registry.terraform.io/hashicorp/aws\"]",
      "instances": [
        {
          "schema_version": 1,
          "attributes": {
            "arn": "arn:aws:ec2:us-west-2:538812572065:subnet/subnet-01edf283b6d74a7f5",
            "assign_ipv6_address_on_creation": false,
            "availability_zone": "us-west-2c",
            "availability_zone_id": "usw2-az3",
            "cidr_block": "10.0.6.0/24",
            "customer_owned_ipv4_pool": "",
            "enable_dns64": false,
            "enable_resource_name_dns_a_record_on_launch": false,
            "enable_resource_name_dns_aaaa_record_on_launch": false,
            "id": "subnet-01edf283b6d74a7f5",
            "ipv6_cidr_block": "",
            "ipv6_cidr_block_association_id": "",
            "ipv6_native": false,
            "map_customer_owned_ip_on_launch": false,
            "map_public_ip_on_launch": false,
            "outpost_arn": "",
            "owner_id": "538812572065",
            "private_dns_hostname_type_on_launch": "ip-name",
            "tags": {
              "Name": "main-private-3"
            },
            "tags_all": {
              "Name": "main-private-3"
            },
            "timeouts": null,
            "vpc_id": "vpc-03f7d963f3b681713"
          },
          "sensitive_attributes": [],
          "private": "eyJlMmJmYjczMC1lY2FhLTExZTYtOGY4OC0zNDM2M2JjN2M0YzAiOnsiY3JlYXRlIjo2MDAwMDAwMDAwMDAsImRlbGV0ZSI6MTIwMDAwMDAwMDAwMH0sInNjaGVtYV92ZXJzaW9uIjoiMSJ9",
          "dependencies": [
            "aws_vpc.main"
          ]
        }
      ]
    },
    {
      "mode": "managed",
      "type": "aws_subnet",
      "name": "main-public-1",
      "provider": "provider[\"registry.terraform.io/hashicorp/aws\"]",
      "instances": [
        {
          "schema_version": 1,
          "attributes": {
            "arn": "arn:aws:ec2:us-west-2:538812572065:subnet/subnet-03759aa6582ea629f",
            "assign_ipv6_address_on_creation": false,
            "availability_zone": "us-west-2a",
            "availability_zone_id": "usw2-az1",
            "cidr_block": "10.0.1.0/24",
            "customer_owned_ipv4_pool": "",
            "enable_dns64": false,
            "enable_resource_name_dns_a_record_on_launch": false,
            "enable_resource_name_dns_aaaa_record_on_launch": false,
            "id": "subnet-03759aa6582ea629f",
            "ipv6_cidr_block": "",
            "ipv6_cidr_block_association_id": "",
            "ipv6_native": false,
            "map_customer_owned_ip_on_launch": false,
            "map_public_ip_on_launch": true,
            "outpost_arn": "",
            "owner_id": "538812572065",
            "private_dns_hostname_type_on_launch": "ip-name",
            "tags": {
              "Name": "main-public-1"
            },
            "tags_all": {
              "Name": "main-public-1"
            },
            "timeouts": null,
            "vpc_id": "vpc-03f7d963f3b681713"
          },
          "sensitive_attributes": [],
          "private": "eyJlMmJmYjczMC1lY2FhLTExZTYtOGY4OC0zNDM2M2JjN2M0YzAiOnsiY3JlYXRlIjo2MDAwMDAwMDAwMDAsImRlbGV0ZSI6MTIwMDAwMDAwMDAwMH0sInNjaGVtYV92ZXJzaW9uIjoiMSJ9",
          "dependencies": [
            "aws_vpc.main"
          ]
        }
      ]
    },
    {
      "mode": "managed",
      "type": "aws_subnet",
      "name": "main-public-2",
      "provider": "provider[\"registry.terraform.io/hashicorp/aws\"]",
      "instances": [
        {
          "schema_version": 1,
          "attributes": {
            "arn": "arn:aws:ec2:us-west-2:538812572065:subnet/subnet-02af43ecb38bcb1b1",
            "assign_ipv6_address_on_creation": false,
            "availability_zone": "us-west-2b",
            "availability_zone_id": "usw2-az2",
            "cidr_block": "10.0.2.0/24",
            "customer_owned_ipv4_pool": "",
            "enable_dns64": false,
            "enable_resource_name_dns_a_record_on_launch": false,
            "enable_resource_name_dns_aaaa_record_on_launch": false,
            "id": "subnet-02af43ecb38bcb1b1",
            "ipv6_cidr_block": "",
            "ipv6_cidr_block_association_id": "",
            "ipv6_native": false,
            "map_customer_owned_ip_on_launch": false,
            "map_public_ip_on_launch": true,
            "outpost_arn": "",
            "owner_id": "538812572065",
            "private_dns_hostname_type_on_launch": "ip-name",
            "tags": {
              "Name": "main-public-2"
            },
            "tags_all": {
              "Name": "main-public-2"
            },
            "timeouts": null,
            "vpc_id": "vpc-03f7d963f3b681713"
          },
          "sensitive_attributes": [],
          "private": "eyJlMmJmYjczMC1lY2FhLTExZTYtOGY4OC0zNDM2M2JjN2M0YzAiOnsiY3JlYXRlIjo2MDAwMDAwMDAwMDAsImRlbGV0ZSI6MTIwMDAwMDAwMDAwMH0sInNjaGVtYV92ZXJzaW9uIjoiMSJ9",
          "dependencies": [
            "aws_vpc.main"
          ]
        }
      ]
    },
    {
      "mode": "managed",
      "type": "aws_subnet",
      "name": "main-public-3",
      "provider": "provider[\"registry.terraform.io/hashicorp/aws\"]",
      "instances": [
        {
          "schema_version": 1,
          "attributes": {
            "arn": "arn:aws:ec2:us-west-2:538812572065:subnet/subnet-00260fb1dd221ae65",
            "assign_ipv6_address_on_creation": false,
            "availability_zone": "us-west-2c",
            "availability_zone_id": "usw2-az3",
            "cidr_block": "10.0.3.0/24",
            "customer_owned_ipv4_pool": "",
            "enable_dns64": false,
            "enable_resource_name_dns_a_record_on_launch": false,
            "enable_resource_name_dns_aaaa_record_on_launch": false,
            "id": "subnet-00260fb1dd221ae65",
            "ipv6_cidr_block": "",
            "ipv6_cidr_block_association_id": "",
            "ipv6_native": false,
            "map_customer_owned_ip_on_launch": false,
            "map_public_ip_on_launch": true,
            "outpost_arn": "",
            "owner_id": "538812572065",
            "private_dns_hostname_type_on_launch": "ip-name",
            "tags": {
              "Name": "main-public-3"
            },
            "tags_all": {
              "Name": "main-public-3"
            },
            "timeouts": null,
            "vpc_id": "vpc-03f7d963f3b681713"
          },
          "sensitive_attributes": [],
          "private": "eyJlMmJmYjczMC1lY2FhLTExZTYtOGY4OC0zNDM2M2JjN2M0YzAiOnsiY3JlYXRlIjo2MDAwMDAwMDAwMDAsImRlbGV0ZSI6MTIwMDAwMDAwMDAwMH0sInNjaGVtYV92ZXJzaW9uIjoiMSJ9",
          "dependencies": [
            "aws_vpc.main"
          ]
        }
      ]
    },
    {
      "mode": "managed",
      "type": "aws_vpc",
      "name": "main",
      "provider": "provider[\"registry.terraform.io/hashicorp/aws\"]",
      "instances": [
        {
          "schema_version": 1,
          "attributes": {
            "arn": "arn:aws:ec2:us-west-2:538812572065:vpc/vpc-03f7d963f3b681713",
            "assign_generated_ipv6_cidr_block": false,
            "cidr_block": "10.0.0.0/16",
            "default_network_acl_id": "acl-0258d7daf165df6f3",
            "default_route_table_id": "rtb-04475a55f8cd3fa30",
            "default_security_group_id": "sg-0856fa636fe5252ef",
            "dhcp_options_id": "dopt-df1b37a7",
            "enable_classiclink": false,
            "enable_classiclink_dns_support": false,
            "enable_dns_hostnames": true,
            "enable_dns_support": true,
            "id": "vpc-03f7d963f3b681713",
            "instance_tenancy": "default",
            "ipv4_ipam_pool_id": null,
            "ipv4_netmask_length": null,
            "ipv6_association_id": "",
            "ipv6_cidr_block": "",
            "ipv6_ipam_pool_id": null,
            "ipv6_netmask_length": null,
            "main_route_table_id": "rtb-04475a55f8cd3fa30",
            "owner_id": "538812572065",
            "tags": {
              "Name": "main"
            },
            "tags_all": {
              "Name": "main"
            }
          },
          "sensitive_attributes": [],
          "private": "eyJzY2hlbWFfdmVyc2lvbiI6IjEifQ==",
          "create_before_destroy": true
        }
      ]
    }
  ]
}
